
Microsoft Visual Studio Solution File, Format Version 12.00
# Visual Studio Version 17
VisualStudioVersion = 17.11.35327.3
MinimumVisualStudioVersion = 10.0.40219.1
Project("{FAE04EC0-301F-11D3-BF4B-00C04F79EFBC}") = "WpfPdfSplitter", "WpfPdfSplitter\WpfPdfSplitter.csproj", "{E6C7E408-4088-4265-916C-310A34D53884}"
EndProject
Global
	GlobalSection(SolutionConfigurationPlatforms) = preSolution
		Debug|Any CPU = Debug|Any CPU
		Release|Any CPU = Release|Any CPU
	EndGlobalSection
	GlobalSection(ProjectConfigurationPlatforms) = postSolution
		{E6C7E408-4088-4265-916C-310A34D53884}.Debug|Any CPU.ActiveCfg = Debug|Any CPU
		{E6C7E408-4088-4265-916C-310A34D53884}.Debug|Any CPU.Build.0 = Debug|Any CPU
		{E6C7E408-4088-4265-916C-310A34D53884}.Release|Any CPU.ActiveCfg = Release|Any CPU
		{E6C7E408-4088-4265-916C-310A34D53884}.Release|Any CPU.Build.0 = Release|Any CPU
	EndGlobalSection
	GlobalSection(SolutionProperties) = preSolution
		HideSolutionNode = FALSE
	EndGlobalSection
	GlobalSection(ExtensibilityGlobals) = postSolution
		SolutionGuid = {0BE6AE2D-DC37-40AA-B243-CF40FB18025A}
	EndGlobalSection
EndGlobal
